
Microsoft Visual Studio Solution File, Format Version 12.00
# Visual Studio Version 16
VisualStudioVersion = 16.0.31025.194
MinimumVisualStudioVersion = 10.0.40219.1
Project("{FAE04EC0-301F-11D3-BF4B-00C04F79EFBC}") = "genshintool", "genshintool\genshintool.csproj", "{872F541F-D917-4D83-A9D4-EB482B1DAB65}"
EndProject
Global
	GlobalSection(SolutionConfigurationPlatforms) = preSolution
		Debug|Any CPU = Debug|Any CPU
		Release|Any CPU = Release|Any CPU
	EndGlobalSection
	GlobalSection(ProjectConfigurationPlatforms) = postSolution
		{872F541F-D917-4D83-A9D4-EB482B1DAB65}.Debug|Any CPU.ActiveCfg = Debug|Any CPU
		{872F541F-D917-4D83-A9D4-EB482B1DAB65}.Debug|Any CPU.Build.0 = Debug|Any CPU
		{872F541F-D917-4D83-A9D4-EB482B1DAB65}.Release|Any CPU.ActiveCfg = Release|Any CPU
		{872F541F-D917-4D83-A9D4-EB482B1DAB65}.Release|Any CPU.Build.0 = Release|Any CPU
	EndGlobalSection
	GlobalSection(SolutionProperties) = preSolution
		HideSolutionNode = FALSE
	EndGlobalSection
	GlobalSection(ExtensibilityGlobals) = postSolution
		SolutionGuid = {78EED3D1-E578-41AE-B5CA-B1D97F46A618}
	EndGlobalSection
EndGlobal
